// !$*UTF8*$!
{
	archiveVersion = 1;
	classes = {
	};
	objectVersion = 56;
	objects = {

/* Begin PBXBuildFile section */
		9B172B412A88E10B002A74BA /* main.cpp in Sources */ = {isa = PBXBuildFile; fileRef = 9B172B402A88E10B002A74BA /* main.cpp */; };
		9B172B4E2A8928EC002A74BA /* tools.cpp in Sources */ = {isa = PBXBuildFile; fileRef = 9B172B4C2A8928EC002A74BA /* tools.cpp */; };
		9B172B522A89292D002A74BA /* funcs.cpp in Sources */ = {isa = PBXBuildFile; fileRef = 9B172B502A89292D002A74BA /* funcs.cpp */; };
/* End PBXBuildFile section */

/* Begin PBXCopyFilesBuildPhase section */
		9B172B3B2A88E10B002A74BA /* CopyFiles */ = {
			isa = PBXCopyFilesBuildPhase;
			buildActionMask = 2147483647;
			dstPath = /usr/share/man/man1/;
			dstSubfolderSpec = 0;
			files = (
			);
			runOnlyForDeploymentPostprocessing = 1;
		};
/* End PBXCopyFilesBuildPhase section */

/* Begin PBXFileReference section */
		9B172B3D2A88E10B002A74BA /* 005fundamentalsOfFunc */ = {isa = PBXFileReference; explicitFileType = "compiled.mach-o.executable"; includeInIndex = 0; path = 005fundamentalsOfFunc; sourceTree = BUILT_PRODUCTS_DIR; };
		9B172B402A88E10B002A74BA /* main.cpp */ = {isa = PBXFileReference; lastKnownFileType = sourcecode.cpp.cpp; path = main.cpp; sourceTree = "<group>"; };
		9B172B4C2A8928EC002A74BA /* tools.cpp */ = {isa = PBXFileReference; lastKnownFileType = sourcecode.cpp.cpp; path = tools.cpp; sourceTree = "<group>"; };
		9B172B502A89292D002A74BA /* funcs.cpp */ = {isa = PBXFileReference; lastKnownFileType = sourcecode.cpp.cpp; path = funcs.cpp; sourceTree = "<group>"; };
		9B172B542A8930B1002A74BA /* tools.hpp */ = {isa = PBXFileReference; lastKnownFileType = sourcecode.cpp.h; path = tools.hpp; sourceTree = "<group>"; };
		9B172B552A8930C9002A74BA /* funcs.hpp */ = {isa = PBXFileReference; lastKnownFileType = sourcecode.cpp.h; path = funcs.hpp; sourceTree = "<group>"; };
/* End PBXFileReference section */

/* Begin PBXFrameworksBuildPhase section */
		9B172B3A2A88E10B002A74BA /* Frameworks */ = {
			isa = PBXFrameworksBuildPhase;
			buildActionMask = 2147483647;
			files = (
			);
			runOnlyForDeploymentPostprocessing = 0;
		};
/* End PBXFrameworksBuildPhase section */

/* Begin PBXGroup section */
		9B172B342A88E10B002A74BA = {
			isa = PBXGroup;
			children = (
				9B172B3F2A88E10B002A74BA /* 005fundamentalsOfFunc */,
				9B172B3E2A88E10B002A74BA /* Products */,
			);
			sourceTree = "<group>";
		};
		9B172B3E2A88E10B002A74BA /* Products */ = {
			isa = PBXGroup;
			children = (
				9B172B3D2A88E10B002A74BA /* 005fundamentalsOfFunc */,
			);
			name = Products;
			sourceTree = "<group>";
		};
		9B172B3F2A88E10B002A74BA /* 005fundamentalsOfFunc */ = {
			isa = PBXGroup;
			children = (
				9B172B4F2A89290D002A74BA /* moreFunc */,
				9B172B4B2A8928B5002A74BA /* tools */,
				9B172B402A88E10B002A74BA /* main.cpp */,
			);
			path = 005fundamentalsOfFunc;
			sourceTree = "<group>";
		};
		9B172B4B2A8928B5002A74BA /* tools */ = {
			isa = PBXGroup;
			children = (
				9B172B4C2A8928EC002A74BA /* tools.cpp */,
				9B172B542A8930B1002A74BA /* tools.hpp */,
			);
			path = tools;
			sourceTree = "<group>";
		};
		9B172B4F2A89290D002A74BA /* moreFunc */ = {
			isa = PBXGroup;
			children = (
				9B172B502A89292D002A74BA /* funcs.cpp */,
				9B172B552A8930C9002A74BA /* funcs.hpp */,
			);
			path = moreFunc;
			sourceTree = "<group>";
		};
/* End PBXGroup section */

/* Begin PBXNativeTarget section */
		9B172B3C2A88E10B002A74BA /* 005fundamentalsOfFunc */ = {
			isa = PBXNativeTarget;
			buildConfigurationList = 9B172B442A88E10B002A74BA /* Build configuration list for PBXNativeTarget "005fundamentalsOfFunc" */;
			buildPhases = (
				9B172B392A88E10B002A74BA /* Sources */,
				9B172B3A2A88E10B002A74BA /* Frameworks */,
				9B172B3B2A88E10B002A74BA /* CopyFiles */,
			);
			buildRules = (
			);
			dependencies = (
			);
			name = 005fundamentalsOfFunc;
			productName = 005fundamentalsOfFunc;
			productReference = 9B172B3D2A88E10B002A74BA /* 005fundamentalsOfFunc */;
			productType = "com.apple.product-type.tool";
		};
/* End PBXNativeTarget section */

/* Begin PBXProject section */
		9B172B352A88E10B002A74BA /* Project object */ = {
			isa = PBXProject;
			attributes = {
				BuildIndependentTargetsInParallel = 1;
				LastUpgradeCheck = 1410;
				TargetAttributes = {
					9B172B3C2A88E10B002A74BA = {
						CreatedOnToolsVersion = 14.1;
					};
				};
			};
			buildConfigurationList = 9B172B382A88E10B002A74BA /* Build configuration list for PBXProject "005fundamentalsOfFunc" */;
			compatibilityVersion = "Xcode 14.0";
			developmentRegion = en;
			hasScannedForEncodings = 0;
			knownRegions = (
				en,
				Base,
			);
			mainGroup = 9B172B342A88E10B002A74BA;
			productRefGroup = 9B172B3E2A88E10B002A74BA /* Products */;
			projectDirPath = "";
			projectRoot = "";
			targets = (
				9B172B3C2A88E10B002A74BA /* 005fundamentalsOfFunc */,
			);
		};
/* End PBXProject section */

/* Begin PBXSourcesBuildPhase section */
		9B172B392A88E10B002A74BA /* Sources */ = {
			isa = PBXSourcesBuildPhase;
			buildActionMask = 2147483647;
			files = (
				9B172B412A88E10B002A74BA /* main.cpp in Sources */,
				9B172B4E2A8928EC002A74BA /* tools.cpp in Sources */,
				9B172B522A89292D002A74BA /* funcs.cpp in Sources */,
			);
			runOnlyForDeploymentPostprocessing = 0;
		};
/* End PBXSourcesBuildPhase section */

/* Begin XCBuildConfiguration section */
		9B172B422A88E10B002A74BA /* Debug */ = {
			isa = XCBuildConfiguration;
			buildSettings = {
				ALWAYS_SEARCH_USER_PATHS = NO;
				CLANG_ANALYZER_NONNULL = YES;
				CLANG_ANALYZER_NUMBER_OBJECT_CONVERSION = YES_AGGRESSIVE;
				CLANG_CXX_LANGUAGE_STANDARD = "gnu++20";
				CLANG_ENABLE_MODULES = YES;
				CLANG_ENABLE_OBJC_ARC = YES;
				CLANG_ENABLE_OBJC_WEAK = YES;
				CLANG_WARN_BLOCK_CAPTURE_AUTORELEASING = YES;
				CLANG_WARN_BOOL_CONVERSION = YES;
				CLANG_WARN_COMMA = YES;
				CLANG_WARN_CONSTANT_CONVERSION = YES;
				CLANG_WARN_DEPRECATED_OBJC_IMPLEMENTATIONS = YES;
				CLANG_WARN_DIRECT_OBJC_ISA_USAGE = YES_ERROR;
				CLANG_WARN_DOCUMENTATION_COMMENTS = YES;
				CLANG_WARN_EMPTY_BODY = YES;
				CLANG_WARN_ENUM_CONVERSION = YES;
				CLANG_WARN_INFINITE_RECURSION = YES;
				CLANG_WARN_INT_CONVERSION = YES;
				CLANG_WARN_NON_LITERAL_NULL_CONVERSION = YES;
				CLANG_WARN_OBJC_IMPLICIT_RETAIN_SELF = YES;
				CLANG_WARN_OBJC_LITERAL_CONVERSION = YES;
				CLANG_WARN_OBJC_ROOT_CLASS = YES_ERROR;
				CLANG_WARN_QUOTED_INCLUDE_IN_FRAMEWORK_HEADER = YES;
				CLANG_WARN_RANGE_LOOP_ANALYSIS = YES;
				CLANG_WARN_STRICT_PROTOTYPES = YES;
				CLANG_WARN_SUSPICIOUS_MOVE = YES;
				CLANG_WARN_UNGUARDED_AVAILABILITY = YES_AGGRESSIVE;
				CLANG_WARN_UNREACHABLE_CODE = YES;
				CLANG_WARN__DUPLICATE_METHOD_MATCH = YES;
				COPY_PHASE_STRIP = NO;
				DEBUG_INFORMATION_FORMAT = dwarf;
				ENABLE_STRICT_OBJC_MSGSEND = YES;
				ENABLE_TESTABILITY = YES;
				GCC_C_LANGUAGE_STANDARD = gnu11;
				GCC_DYNAMIC_NO_PIC = NO;
				GCC_NO_COMMON_BLOCKS = YES;
				GCC_OPTIMIZATION_LEVEL = 0;
				GCC_PREPROCESSOR_DEFINITIONS = (
					"DEBUG=1",
					"$(inherited)",
				);
				GCC_WARN_64_TO_32_BIT_CONVERSION = YES;
				GCC_WARN_ABOUT_RETURN_TYPE = YES_ERROR;
				GCC_WARN_UNDECLARED_SELECTOR = YES;
				GCC_WARN_UNINITIALIZED_AUTOS = YES_AGGRESSIVE;
				GCC_WARN_UNUSED_FUNCTION = YES;
				GCC_WARN_UNUSED_VARIABLE = YES;
				MACOSX_DEPLOYMENT_TARGET = 13.0;
				MTL_ENABLE_DEBUG_INFO = INCLUDE_SOURCE;
				MTL_FAST_MATH = YES;
				ONLY_ACTIVE_ARCH = YES;
				SDKROOT = macosx;
			};
			name = Debug;
		};
		9B172B432A88E10B002A74BA /* Release */ = {
			isa = XCBuildConfiguration;
			buildSettings = {
				ALWAYS_SEARCH_USER_PATHS = NO;
				CLANG_ANALYZER_NONNULL = YES;
				CLANG_ANALYZER_NUMBER_OBJECT_CONVERSION = YES_AGGRESSIVE;
				CLANG_CXX_LANGUAGE_STANDARD = "gnu++20";
				CLANG_ENABLE_MODULES = YES;
				CLANG_ENABLE_OBJC_ARC = YES;
				CLANG_ENABLE_OBJC_WEAK = YES;
				CLANG_WARN_BLOCK_CAPTURE_AUTORELEASING = YES;
				CLANG_WARN_BOOL_CONVERSION = YES;
				CLANG_WARN_COMMA = YES;
				CLANG_WARN_CONSTANT_CONVERSION = YES;
				CLANG_WARN_DEPRECATED_OBJC_IMPLEMENTATIONS = YES;
				CLANG_WARN_DIRECT_OBJC_ISA_USAGE = YES_ERROR;
				CLANG_WARN_DOCUMENTATION_COMMENTS = YES;
				CLANG_WARN_EMPTY_BODY = YES;
				CLANG_WARN_ENUM_CONVERSION = YES;
				CLANG_WARN_INFINITE_RECURSION = YES;
				CLANG_WARN_INT_CONVERSION = YES;
				CLANG_WARN_NON_LITERAL_NULL_CONVERSION = YES;
				CLANG_WARN_OBJC_IMPLICIT_RETAIN_SELF = YES;
				CLANG_WARN_OBJC_LITERAL_CONVERSION = YES;
				CLANG_WARN_OBJC_ROOT_CLASS = YES_ERROR;
				CLANG_WARN_QUOTED_INCLUDE_IN_FRAMEWORK_HEADER = YES;
				CLANG_WARN_RANGE_LOOP_ANALYSIS = YES;
				CLANG_WARN_STRICT_PROTOTYPES = YES;
				CLANG_WARN_SUSPICIOUS_MOVE = YES;
				CLANG_WARN_UNGUARDED_AVAILABILITY = YES_AGGRESSIVE;
				CLANG_WARN_UNREACHABLE_CODE = YES;
				CLANG_WARN__DUPLICATE_METHOD_MATCH = YES;
				COPY_PHASE_STRIP = NO;
				DEBUG_INFORMATION_FORMAT = "dwarf-with-dsym";
				ENABLE_NS_ASSERTIONS = NO;
				ENABLE_STRICT_OBJC_MSGSEND = YES;
				GCC_C_LANGUAGE_STANDARD = gnu11;
				GCC_NO_COMMON_BLOCKS = YES;
				GCC_WARN_64_TO_32_BIT_CONVERSION = YES;
				GCC_WARN_ABOUT_RETURN_TYPE = YES_ERROR;
				GCC_WARN_UNDECLARED_SELECTOR = YES;
				GCC_WARN_UNINITIALIZED_AUTOS = YES_AGGRESSIVE;
				GCC_WARN_UNUSED_FUNCTION = YES;
				GCC_WARN_UNUSED_VARIABLE = YES;
				MACOSX_DEPLOYMENT_TARGET = 13.0;
				MTL_ENABLE_DEBUG_INFO = NO;
				MTL_FAST_MATH = YES;
				SDKROOT = macosx;
			};
			name = Release;
		};
		9B172B452A88E10B002A74BA /* Debug */ = {
			isa = XCBuildConfiguration;
			buildSettings = {
				CODE_SIGN_STYLE = Automatic;
				DEVELOPMENT_TEAM = 9CMGT66357;
				ENABLE_HARDENED_RUNTIME = YES;
				GCC_NO_COMMON_BLOCKS = YES;
				PRODUCT_NAME = "$(TARGET_NAME)";
			};
			name = Debug;
		};
		9B172B462A88E10B002A74BA /* Release */ = {
			isa = XCBuildConfiguration;
			buildSettings = {
				CODE_SIGN_STYLE = Automatic;
				DEVELOPMENT_TEAM = 9CMGT66357;
				ENABLE_HARDENED_RUNTIME = YES;
				GCC_NO_COMMON_BLOCKS = YES;
				PRODUCT_NAME = "$(TARGET_NAME)";
			};
			name = Release;
		};
/* End XCBuildConfiguration section */

/* Begin XCConfigurationList section */
		9B172B382A88E10B002A74BA /* Build configuration list for PBXProject "005fundamentalsOfFunc" */ = {
			isa = XCConfigurationList;
			buildConfigurations = (
				9B172B422A88E10B002A74BA /* Debug */,
				9B172B432A88E10B002A74BA /* Release */,
			);
			defaultConfigurationIsVisible = 0;
			defaultConfigurationName = Release;
		};
		9B172B442A88E10B002A74BA /* Build configuration list for PBXNativeTarget "005fundamentalsOfFunc" */ = {
			isa = XCConfigurationList;
			buildConfigurations = (
				9B172B452A88E10B002A74BA /* Debug */,
				9B172B462A88E10B002A74BA /* Release */,
			);
			defaultConfigurationIsVisible = 0;
			defaultConfigurationName = Release;
		};
/* End XCConfigurationList section */
	};
	rootObject = 9B172B352A88E10B002A74BA /* Project object */;
}
